// !$*UTF8*$!
{
	archiveVersion = 1;
	classes = {
	};
	objectVersion = 46;
	objects = {

/* Begin PBXBuildFile section */
		30CF7CD51A9F31BA00F8D5BA /* main.m in Sources */ = {isa = PBXBuildFile; fileRef = 30CF7CD41A9F31BA00F8D5BA /* main.m */; };
		30CF7CD81A9F31BA00F8D5BA /* AppDelegate.m in Sources */ = {isa = PBXBuildFile; fileRef = 30CF7CD71A9F31BA00F8D5BA /* AppDelegate.m */; };
		30CF7CDB1A9F31BA00F8D5BA /* FirstViewController.m in Sources */ = {isa = PBXBuildFile; fileRef = 30CF7CDA1A9F31BA00F8D5BA /* FirstViewController.m */; };
		30CF7CDE1A9F31BA00F8D5BA /* SecondViewController.m in Sources */ = {isa = PBXBuildFile; fileRef = 30CF7CDD1A9F31BA00F8D5BA /* SecondViewController.m */; };
		30CF7CE11A9F31BA00F8D5BA /* Main.storyboard in Resources */ = {isa = PBXBuildFile; fileRef = 30CF7CDF1A9F31BA00F8D5BA /* Main.storyboard */; };
		30CF7CE31A9F31BA00F8D5BA /* Images.xcassets in Resources */ = {isa = PBXBuildFile; fileRef = 30CF7CE21A9F31BA00F8D5BA /* Images.xcassets */; };
		30CF7CE61A9F31BA00F8D5BA /* LaunchScreen.xib in Resources */ = {isa = PBXBuildFile; fileRef = 30CF7CE41A9F31BA00F8D5BA /* LaunchScreen.xib */; };
		30CF7CF21A9F31BB00F8D5BA /* MyLunchTests.m in Sources */ = {isa = PBXBuildFile; fileRef = 30CF7CF11A9F31BB00F8D5BA /* MyLunchTests.m */; };
/* End PBXBuildFile section */

/* Begin PBXContainerItemProxy section */
		30CF7CEC1A9F31BB00F8D5BA /* PBXContainerItemProxy */ = {
			isa = PBXContainerItemProxy;
			containerPortal = 30CF7CC71A9F31BA00F8D5BA /* Project object */;
			proxyType = 1;
			remoteGlobalIDString = 30CF7CCE1A9F31BA00F8D5BA;
			remoteInfo = MyLunch;
		};
/* End PBXContainerItemProxy section */

/* Begin PBXFileReference section */
		30CF7CCF1A9F31BA00F8D5BA /* MyLunch.app */ = {isa = PBXFileReference; explicitFileType = wrapper.application; includeInIndex = 0; path = MyLunch.app; sourceTree = BUILT_PRODUCTS_DIR; };
		30CF7CD31A9F31BA00F8D5BA /* Info.plist */ = {isa = PBXFileReference; lastKnownFileType = text.plist.xml; path = Info.plist; sourceTree = "<group>"; };
		30CF7CD41A9F31BA00F8D5BA /* main.m */ = {isa = PBXFileReference; lastKnownFileType = sourcecode.c.objc; path = main.m; sourceTree = "<group>"; };
		30CF7CD61A9F31BA00F8D5BA /* AppDelegate.h */ = {isa = PBXFileReference; lastKnownFileType = sourcecode.c.h; path = AppDelegate.h; sourceTree = "<group>"; };
		30CF7CD71A9F31BA00F8D5BA /* AppDelegate.m */ = {isa = PBXFileReference; lastKnownFileType = sourcecode.c.objc; path = AppDelegate.m; sourceTree = "<group>"; };
		30CF7CD91A9F31BA00F8D5BA /* FirstViewController.h */ = {isa = PBXFileReference; lastKnownFileType = sourcecode.c.h; path = FirstViewController.h; sourceTree = "<group>"; };
		30CF7CDA1A9F31BA00F8D5BA /* FirstViewController.m */ = {isa = PBXFileReference; lastKnownFileType = sourcecode.c.objc; path = FirstViewController.m; sourceTree = "<group>"; };
		30CF7CDC1A9F31BA00F8D5BA /* SecondViewController.h */ = {isa = PBXFileReference; lastKnownFileType = sourcecode.c.h; path = SecondViewController.h; sourceTree = "<group>"; };
		30CF7CDD1A9F31BA00F8D5BA /* SecondViewController.m */ = {isa = PBXFileReference; lastKnownFileType = sourcecode.c.objc; path = SecondViewController.m; sourceTree = "<group>"; };
		30CF7CE01A9F31BA00F8D5BA /* Base */ = {isa = PBXFileReference; lastKnownFileType = file.storyboard; name = Base; path = Base.lproj/Main.storyboard; sourceTree = "<group>"; };
		30CF7CE21A9F31BA00F8D5BA /* Images.xcassets */ = {isa = PBXFileReference; lastKnownFileType = folder.assetcatalog; path = Images.xcassets; sourceTree = "<group>"; };
		30CF7CE51A9F31BA00F8D5BA /* Base */ = {isa = PBXFileReference; lastKnownFileType = file.xib; name = Base; path = Base.lproj/LaunchScreen.xib; sourceTree = "<group>"; };
		30CF7CEB1A9F31BB00F8D5BA /* MyLunchTests.xctest */ = {isa = PBXFileReference; explicitFileType = wrapper.cfbundle; includeInIndex = 0; path = MyLunchTests.xctest; sourceTree = BUILT_PRODUCTS_DIR; };
		30CF7CF01A9F31BB00F8D5BA /* Info.plist */ = {isa = PBXFileReference; lastKnownFileType = text.plist.xml; path = Info.plist; sourceTree = "<group>"; };
		30CF7CF11A9F31BB00F8D5BA /* MyLunchTests.m */ = {isa = PBXFileReference; lastKnownFileType = sourcecode.c.objc; path = MyLunchTests.m; sourceTree = "<group>"; };
/* End PBXFileReference section */

/* Begin PBXFrameworksBuildPhase section */
		30CF7CCC1A9F31BA00F8D5BA /* Frameworks */ = {
			isa = PBXFrameworksBuildPhase;
			buildActionMask = 2147483647;
			files = (
			);
			runOnlyForDeploymentPostprocessing = 0;
		};
		30CF7CE81A9F31BB00F8D5BA /* Frameworks */ = {
			isa = PBXFrameworksBuildPhase;
			buildActionMask = 2147483647;
			files = (
			);
			runOnlyForDeploymentPostprocessing = 0;
		};
/* End PBXFrameworksBuildPhase section */

/* Begin PBXGroup section */
		30CF7CC61A9F31BA00F8D5BA = {
			isa = PBXGroup;
			children = (
				30CF7CD11A9F31BA00F8D5BA /* MyLunch */,
				30CF7CEE1A9F31BB00F8D5BA /* MyLunchTests */,
				30CF7CD01A9F31BA00F8D5BA /* Products */,
			);
			sourceTree = "<group>";
		};
		30CF7CD01A9F31BA00F8D5BA /* Products */ = {
			isa = PBXGroup;
			children = (
				30CF7CCF1A9F31BA00F8D5BA /* MyLunch.app */,
				30CF7CEB1A9F31BB00F8D5BA /* MyLunchTests.xctest */,
			);
			name = Products;
			sourceTree = "<group>";
		};
		30CF7CD11A9F31BA00F8D5BA /* MyLunch */ = {
			isa = PBXGroup;
			children = (
				30CF7CD61A9F31BA00F8D5BA /* AppDelegate.h */,
				30CF7CD71A9F31BA00F8D5BA /* AppDelegate.m */,
				30CF7CD91A9F31BA00F8D5BA /* FirstViewController.h */,
				30CF7CDA1A9F31BA00F8D5BA /* FirstViewController.m */,
				30CF7CDC1A9F31BA00F8D5BA /* SecondViewController.h */,
				30CF7CDD1A9F31BA00F8D5BA /* SecondViewController.m */,
				30CF7CDF1A9F31BA00F8D5BA /* Main.storyboard */,
				30CF7CE21A9F31BA00F8D5BA /* Images.xcassets */,
				30CF7CE41A9F31BA00F8D5BA /* LaunchScreen.xib */,
				30CF7CD21A9F31BA00F8D5BA /* Supporting Files */,
			);
			path = MyLunch;
			sourceTree = "<group>";
		};
		30CF7CD21A9F31BA00F8D5BA /* Supporting Files */ = {
			isa = PBXGroup;
			children = (
				30CF7CD31A9F31BA00F8D5BA /* Info.plist */,
				30CF7CD41A9F31BA00F8D5BA /* main.m */,
			);
			name = "Supporting Files";
			sourceTree = "<group>";
		};
		30CF7CEE1A9F31BB00F8D5BA /* MyLunchTests */ = {
			isa = PBXGroup;
			children = (
				30CF7CF11A9F31BB00F8D5BA /* MyLunchTests.m */,
				30CF7CEF1A9F31BB00F8D5BA /* Supporting Files */,
			);
			path = MyLunchTests;
			sourceTree = "<group>";
		};
		30CF7CEF1A9F31BB00F8D5BA /* Supporting Files */ = {
			isa = PBXGroup;
			children = (
				30CF7CF01A9F31BB00F8D5BA /* Info.plist */,
			);
			name = "Supporting Files";
			sourceTree = "<group>";
		};
/* End PBXGroup section */

/* Begin PBXNativeTarget section */
		30CF7CCE1A9F31BA00F8D5BA /* MyLunch */ = {
			isa = PBXNativeTarget;
			buildConfigurationList = 30CF7CF51A9F31BB00F8D5BA /* Build configuration list for PBXNativeTarget "MyLunch" */;
			buildPhases = (
				30CF7CCB1A9F31BA00F8D5BA /* Sources */,
				30CF7CCC1A9F31BA00F8D5BA /* Frameworks */,
				30CF7CCD1A9F31BA00F8D5BA /* Resources */,
			);
			buildRules = (
			);
			dependencies = (
			);
			name = MyLunch;
			productName = MyLunch;
			productReference = 30CF7CCF1A9F31BA00F8D5BA /* MyLunch.app */;
			productType = "com.apple.product-type.application";
		};
		30CF7CEA1A9F31BB00F8D5BA /* MyLunchTests */ = {
			isa = PBXNativeTarget;
			buildConfigurationList = 30CF7CF81A9F31BB00F8D5BA /* Build configuration list for PBXNativeTarget "MyLunchTests" */;
			buildPhases = (
				30CF7CE71A9F31BB00F8D5BA /* Sources */,
				30CF7CE81A9F31BB00F8D5BA /* Frameworks */,
				30CF7CE91A9F31BB00F8D5BA /* Resources */,
			);
			buildRules = (
			);
			dependencies = (
				30CF7CED1A9F31BB00F8D5BA /* PBXTargetDependency */,
			);
			name = MyLunchTests;
			productName = MyLunchTests;
			productReference = 30CF7CEB1A9F31BB00F8D5BA /* MyLunchTests.xctest */;
			productType = "com.apple.product-type.bundle.unit-test";
		};
/* End PBXNativeTarget section */

/* Begin PBXProject section */
		30CF7CC71A9F31BA00F8D5BA /* Project object */ = {
			isa = PBXProject;
			attributes = {
				LastUpgradeCheck = 0610;
				ORGANIZATIONNAME = CoreDumper;
				TargetAttributes = {
					30CF7CCE1A9F31BA00F8D5BA = {
						CreatedOnToolsVersion = 6.1.1;
					};
					30CF7CEA1A9F31BB00F8D5BA = {
						CreatedOnToolsVersion = 6.1.1;
						TestTargetID = 30CF7CCE1A9F31BA00F8D5BA;
					};
				};
			};
			buildConfigurationList = 30CF7CCA1A9F31BA00F8D5BA /* Build configuration list for PBXProject "MyLunch" */;
			compatibilityVersion = "Xcode 3.2";
			developmentRegion = English;
			hasScannedForEncodings = 0;
			knownRegions = (
				en,
				Base,
			);
			mainGroup = 30CF7CC61A9F31BA00F8D5BA;
			productRefGroup = 30CF7CD01A9F31BA00F8D5BA /* Products */;
			projectDirPath = "";
			projectRoot = "";
			targets = (
				30CF7CCE1A9F31BA00F8D5BA /* MyLunch */,
				30CF7CEA1A9F31BB00F8D5BA /* MyLunchTests */,
			);
		};
/* End PBXProject section */

/* Begin PBXResourcesBuildPhase section */
		30CF7CCD1A9F31BA00F8D5BA /* Resources */ = {
			isa = PBXResourcesBuildPhase;
			buildActionMask = 2147483647;
			files = (
				30CF7CE11A9F31BA00F8D5BA /* Main.storyboard in Resources */,
				30CF7CE61A9F31BA00F8D5BA /* LaunchScreen.xib in Resources */,
				30CF7CE31A9F31BA00F8D5BA /* Images.xcassets in Resources */,
			);
			runOnlyForDeploymentPostprocessing = 0;
		};
		30CF7CE91A9F31BB00F8D5BA /* Resources */ = {
			isa = PBXResourcesBuildPhase;
			buildActionMask = 2147483647;
			files = (
			);
			runOnlyForDeploymentPostprocessing = 0;
		};
/* End PBXResourcesBuildPhase section */

/* Begin PBXSourcesBuildPhase section */
		30CF7CCB1A9F31BA00F8D5BA /* Sources */ = {
			isa = PBXSourcesBuildPhase;
			buildActionMask = 2147483647;
			files = (
				30CF7CDE1A9F31BA00F8D5BA /* SecondViewController.m in Sources */,
				30CF7CD81A9F31BA00F8D5BA /* AppDelegate.m in Sources */,
				30CF7CDB1A9F31BA00F8D5BA /* FirstViewController.m in Sources */,
				30CF7CD51A9F31BA00F8D5BA /* main.m in Sources */,
			);
			runOnlyForDeploymentPostprocessing = 0;
		};
		30CF7CE71A9F31BB00F8D5BA /* Sources */ = {
			isa = PBXSourcesBuildPhase;
			buildActionMask = 2147483647;
			files = (
				30CF7CF21A9F31BB00F8D5BA /* MyLunchTests.m in Sources */,
			);
			runOnlyForDeploymentPostprocessing = 0;
		};
/* End PBXSourcesBuildPhase section */

/* Begin PBXTargetDependency section */
		30CF7CED1A9F31BB00F8D5BA /* PBXTargetDependency */ = {
			isa = PBXTargetDependency;
			target = 30CF7CCE1A9F31BA00F8D5BA /* MyLunch */;
			targetProxy = 30CF7CEC1A9F31BB00F8D5BA /* PBXContainerItemProxy */;
		};
/* End PBXTargetDependency section */

/* Begin PBXVariantGroup section */
		30CF7CDF1A9F31BA00F8D5BA /* Main.storyboard */ = {
			isa = PBXVariantGroup;
			children = (
				30CF7CE01A9F31BA00F8D5BA /* Base */,
			);
			name = Main.storyboard;
			sourceTree = "<group>";
		};
		30CF7CE41A9F31BA00F8D5BA /* LaunchScreen.xib */ = {
			isa = PBXVariantGroup;
			children = (
				30CF7CE51A9F31BA00F8D5BA /* Base */,
			);
			name = LaunchScreen.xib;
			sourceTree = "<group>";
		};
/* End PBXVariantGroup section */

/* Begin XCBuildConfiguration section */
		30CF7CF31A9F31BB00F8D5BA /* Debug */ = {
			isa = XCBuildConfiguration;
			buildSettings = {
				ALWAYS_SEARCH_USER_PATHS = NO;
				CLANG_CXX_LANGUAGE_STANDARD = "gnu++0x";
				CLANG_CXX_LIBRARY = "libc++";
				CLANG_ENABLE_MODULES = YES;
				CLANG_ENABLE_OBJC_ARC = YES;
				CLANG_WARN_BOOL_CONVERSION = YES;
				CLANG_WARN_CONSTANT_CONVERSION = YES;
				CLANG_WARN_DIRECT_OBJC_ISA_USAGE = YES_ERROR;
				CLANG_WARN_EMPTY_BODY = YES;
				CLANG_WARN_ENUM_CONVERSION = YES;
				CLANG_WARN_INT_CONVERSION = YES;
				CLANG_WARN_OBJC_ROOT_CLASS = YES_ERROR;
				CLANG_WARN_UNREACHABLE_CODE = YES;
				CLANG_WARN__DUPLICATE_METHOD_MATCH = YES;
				"CODE_SIGN_IDENTITY[sdk=iphoneos*]" = "iPhone Developer";
				COPY_PHASE_STRIP = NO;
				ENABLE_STRICT_OBJC_MSGSEND = YES;
				GCC_C_LANGUAGE_STANDARD = gnu99;
				GCC_DYNAMIC_NO_PIC = NO;
				GCC_OPTIMIZATION_LEVEL = 0;
				GCC_PREPROCESSOR_DEFINITIONS = (
					"DEBUG=1",
					"$(inherited)",
				);
				GCC_SYMBOLS_PRIVATE_EXTERN = NO;
				GCC_WARN_64_TO_32_BIT_CONVERSION = YES;
				GCC_WARN_ABOUT_RETURN_TYPE = YES_ERROR;
				GCC_WARN_UNDECLARED_SELECTOR = YES;
				GCC_WARN_UNINITIALIZED_AUTOS = YES_AGGRESSIVE;
				GCC_WARN_UNUSED_FUNCTION = YES;
				GCC_WARN_UNUSED_VARIABLE = YES;
				IPHONEOS_DEPLOYMENT_TARGET = 8.1;
				MTL_ENABLE_DEBUG_INFO = YES;
				ONLY_ACTIVE_ARCH = YES;
				SDKROOT = iphoneos;
			};
			name = Debug;
		};
		30CF7CF41A9F31BB00F8D5BA /* Release */ = {
			isa = XCBuildConfiguration;
			buildSettings = {
				ALWAYS_SEARCH_USER_PATHS = NO;
				CLANG_CXX_LANGUAGE_STANDARD = "gnu++0x";
				CLANG_CXX_LIBRARY = "libc++";
				CLANG_ENABLE_MODULES = YES;
				CLANG_ENABLE_OBJC_ARC = YES;
				CLANG_WARN_BOOL_CONVERSION = YES;
				CLANG_WARN_CONSTANT_CONVERSION = YES;
				CLANG_WARN_DIRECT_OBJC_ISA_USAGE = YES_ERROR;
				CLANG_WARN_EMPTY_BODY = YES;
				CLANG_WARN_ENUM_CONVERSION = YES;
				CLANG_WARN_INT_CONVERSION = YES;
				CLANG_WARN_OBJC_ROOT_CLASS = YES_ERROR;
				CLANG_WARN_UNREACHABLE_CODE = YES;
				CLANG_WARN__DUPLICATE_METHOD_MATCH = YES;
				"CODE_SIGN_IDENTITY[sdk=iphoneos*]" = "iPhone Developer";
				COPY_PHASE_STRIP = YES;
				ENABLE_NS_ASSERTIONS = NO;
				ENABLE_STRICT_OBJC_MSGSEND = YES;
				GCC_C_LANGUAGE_STANDARD = gnu99;
				GCC_WARN_64_TO_32_BIT_CONVERSION = YES;
				GCC_WARN_ABOUT_RETURN_TYPE = YES_ERROR;
				GCC_WARN_UNDECLARED_SELECTOR = YES;
				GCC_WARN_UNINITIALIZED_AUTOS = YES_AGGRESSIVE;
				GCC_WARN_UNUSED_FUNCTION = YES;
				GCC_WARN_UNUSED_VARIABLE = YES;
				IPHONEOS_DEPLOYMENT_TARGET = 8.1;
				MTL_ENABLE_DEBUG_INFO = NO;
				SDKROOT = iphoneos;
				VALIDATE_PRODUCT = YES;
			};
			name = Release;
		};
		30CF7CF61A9F31BB00F8D5BA /* Debug */ = {
			isa = XCBuildConfiguration;
			buildSettings = {
				ASSETCATALOG_COMPILER_APPICON_NAME = AppIcon;
				INFOPLIST_FILE = MyLunch/Info.plist;
				LD_RUNPATH_SEARCH_PATHS = "$(inherited) @executable_path/Frameworks";
				PRODUCT_NAME = "$(TARGET_NAME)";
			};
			name = Debug;
		};
		30CF7CF71A9F31BB00F8D5BA /* Release */ = {
			isa = XCBuildConfiguration;
			buildSettings = {
				ASSETCATALOG_COMPILER_APPICON_NAME = AppIcon;
				INFOPLIST_FILE = MyLunch/Info.plist;
				LD_RUNPATH_SEARCH_PATHS = "$(inherited) @executable_path/Frameworks";
				PRODUCT_NAME = "$(TARGET_NAME)";
			};
			name = Release;
		};
		30CF7CF91A9F31BB00F8D5BA /* Debug */ = {
			isa = XCBuildConfiguration;
			buildSettings = {
				BUNDLE_LOADER = "$(TEST_HOST)";
				FRAMEWORK_SEARCH_PATHS = (
					"$(SDKROOT)/Developer/Library/Frameworks",
					"$(inherited)",
				);
				GCC_PREPROCESSOR_DEFINITIONS = (
					"DEBUG=1",
					"$(inherited)",
				);
				INFOPLIST_FILE = MyLunchTests/Info.plist;
				LD_RUNPATH_SEARCH_PATHS = "$(inherited) @executable_path/Frameworks @loader_path/Frameworks";
				PRODUCT_NAME = "$(TARGET_NAME)";
				TEST_HOST = "$(BUILT_PRODUCTS_DIR)/MyLunch.app/MyLunch";
			};
			name = Debug;
		};
		30CF7CFA1A9F31BB00F8D5BA /* Release */ = {
			isa = XCBuildConfiguration;
			buildSettings = {
				BUNDLE_LOADER = "$(TEST_HOST)";
				FRAMEWORK_SEARCH_PATHS = (
					"$(SDKROOT)/Developer/Library/Frameworks",
					"$(inherited)",
				);
				INFOPLIST_FILE = MyLunchTests/Info.plist;
				LD_RUNPATH_SEARCH_PATHS = "$(inherited) @executable_path/Frameworks @loader_path/Frameworks";
				PRODUCT_NAME = "$(TARGET_NAME)";
				TEST_HOST = "$(BUILT_PRODUCTS_DIR)/MyLunch.app/MyLunch";
			};
			name = Release;
		};
/* End XCBuildConfiguration section */

/* Begin XCConfigurationList section */
		30CF7CCA1A9F31BA00F8D5BA /* Build configuration list for PBXProject "MyLunch" */ = {
			isa = XCConfigurationList;
			buildConfigurations = (
				30CF7CF31A9F31BB00F8D5BA /* Debug */,
				30CF7CF41A9F31BB00F8D5BA /* Release */,
			);
			defaultConfigurationIsVisible = 0;
			defaultConfigurationName = Release;
		};
		30CF7CF51A9F31BB00F8D5BA /* Build configuration list for PBXNativeTarget "MyLunch" */ = {
			isa = XCConfigurationList;
			buildConfigurations = (
				30CF7CF61A9F31BB00F8D5BA /* Debug */,
				30CF7CF71A9F31BB00F8D5BA /* Release */,
			);
			defaultConfigurationIsVisible = 0;
		};
		30CF7CF81A9F31BB00F8D5BA /* Build configuration list for PBXNativeTarget "MyLunchTests" */ = {
			isa = XCConfigurationList;
			buildConfigurations = (
				30CF7CF91A9F31BB00F8D5BA /* Debug */,
				30CF7CFA1A9F31BB00F8D5BA /* Release */,
			);
			defaultConfigurationIsVisible = 0;
		};
/* End XCConfigurationList section */
	};
	rootObject = 30CF7CC71A9F31BA00F8D5BA /* Project object */;
}
